
Microsoft Visual Studio Solution File, Format Version 12.00
# Visual Studio Version 17
VisualStudioVersion = 17.9.34728.123
MinimumVisualStudioVersion = 10.0.40219.1
Project("{FAE04EC0-301F-11D3-BF4B-00C04F79EFBC}") = "condb", "condb.csproj", "{82865F56-401B-4125-AD3B-AB857E890B0A}"
EndProject
Global
	GlobalSection(SolutionConfigurationPlatforms) = preSolution
		Debug|Any CPU = Debug|Any CPU
		Release|Any CPU = Release|Any CPU
	EndGlobalSection
	GlobalSection(ProjectConfigurationPlatforms) = postSolution
		{82865F56-401B-4125-AD3B-AB857E890B0A}.Debug|Any CPU.ActiveCfg = Debug|Any CPU
		{82865F56-401B-4125-AD3B-AB857E890B0A}.Debug|Any CPU.Build.0 = Debug|Any CPU
		{82865F56-401B-4125-AD3B-AB857E890B0A}.Release|Any CPU.ActiveCfg = Release|Any CPU
		{82865F56-401B-4125-AD3B-AB857E890B0A}.Release|Any CPU.Build.0 = Release|Any CPU
	EndGlobalSection
	GlobalSection(SolutionProperties) = preSolution
		HideSolutionNode = FALSE
	EndGlobalSection
	GlobalSection(ExtensibilityGlobals) = postSolution
		SolutionGuid = {CA99ACE3-AA97-435B-8B50-3E74EACE9BCC}
	EndGlobalSection
EndGlobal
